
Microsoft Visual Studio Solution File, Format Version 12.00
# Visual Studio Version 17
VisualStudioVersion = 17.5.002.0
MinimumVisualStudioVersion = 10.0.40219.1
Project("{9A19103F-16F7-4668-BE54-9A1E7A4F7556}") = "FTsR", "FTsR\FTsR.csproj", "{3B43DF7C-74B6-4741-9616-36945150D0B6}"
EndProject
Project("{9A19103F-16F7-4668-BE54-9A1E7A4F7556}") = "SignalRClient", "SignalRClient\SignalRClient.csproj", "{940B148E-F4AF-4EFF-BA91-218E092C64C8}"
EndProject
Project("{FAE04EC0-301F-11D3-BF4B-00C04F79EFBC}") = "Test", "Test\Test.csproj", "{DC23E201-C95D-492B-B791-3543C6B9561D}"
EndProject
Global
	GlobalSection(SolutionConfigurationPlatforms) = preSolution
		Debug|Any CPU = Debug|Any CPU
		Release|Any CPU = Release|Any CPU
	EndGlobalSection
	GlobalSection(ProjectConfigurationPlatforms) = postSolution
		{3B43DF7C-74B6-4741-9616-36945150D0B6}.Debug|Any CPU.ActiveCfg = Debug|Any CPU
		{3B43DF7C-74B6-4741-9616-36945150D0B6}.Debug|Any CPU.Build.0 = Debug|Any CPU
		{3B43DF7C-74B6-4741-9616-36945150D0B6}.Release|Any CPU.ActiveCfg = Release|Any CPU
		{3B43DF7C-74B6-4741-9616-36945150D0B6}.Release|Any CPU.Build.0 = Release|Any CPU
		{940B148E-F4AF-4EFF-BA91-218E092C64C8}.Debug|Any CPU.ActiveCfg = Debug|Any CPU
		{940B148E-F4AF-4EFF-BA91-218E092C64C8}.Debug|Any CPU.Build.0 = Debug|Any CPU
		{940B148E-F4AF-4EFF-BA91-218E092C64C8}.Release|Any CPU.ActiveCfg = Release|Any CPU
		{940B148E-F4AF-4EFF-BA91-218E092C64C8}.Release|Any CPU.Build.0 = Release|Any CPU
		{DC23E201-C95D-492B-B791-3543C6B9561D}.Debug|Any CPU.ActiveCfg = Debug|Any CPU
		{DC23E201-C95D-492B-B791-3543C6B9561D}.Debug|Any CPU.Build.0 = Debug|Any CPU
		{DC23E201-C95D-492B-B791-3543C6B9561D}.Release|Any CPU.ActiveCfg = Release|Any CPU
		{DC23E201-C95D-492B-B791-3543C6B9561D}.Release|Any CPU.Build.0 = Release|Any CPU
	EndGlobalSection
	GlobalSection(SolutionProperties) = preSolution
		HideSolutionNode = FALSE
	EndGlobalSection
	GlobalSection(ExtensibilityGlobals) = postSolution
		SolutionGuid = {A47A7252-D35B-4422-8025-46E095063E74}
	EndGlobalSection
EndGlobal
